
Microsoft Visual Studio Solution File, Format Version 12.00
# Visual Studio Version 16
VisualStudioVersion = 16.0.31729.503
MinimumVisualStudioVersion = 10.0.40219.1
Project("{FAE04EC0-301F-11D3-BF4B-00C04F79EFBC}") = "WindowsFormsApp2", "WindowsFormsApp2\WindowsFormsApp2.csproj", "{4793AE3E-73A4-46CC-A1C5-FF7BAE309D64}"
EndProject
Global
	GlobalSection(SolutionConfigurationPlatforms) = preSolution
		Debug|Any CPU = Debug|Any CPU
		Release|Any CPU = Release|Any CPU
	EndGlobalSection
	GlobalSection(ProjectConfigurationPlatforms) = postSolution
		{4793AE3E-73A4-46CC-A1C5-FF7BAE309D64}.Debug|Any CPU.ActiveCfg = Debug|Any CPU
		{4793AE3E-73A4-46CC-A1C5-FF7BAE309D64}.Debug|Any CPU.Build.0 = Debug|Any CPU
		{4793AE3E-73A4-46CC-A1C5-FF7BAE309D64}.Release|Any CPU.ActiveCfg = Release|Any CPU
		{4793AE3E-73A4-46CC-A1C5-FF7BAE309D64}.Release|Any CPU.Build.0 = Release|Any CPU
	EndGlobalSection
	GlobalSection(SolutionProperties) = preSolution
		HideSolutionNode = FALSE
	EndGlobalSection
	GlobalSection(ExtensibilityGlobals) = postSolution
		SolutionGuid = {AB096D80-B9D5-4FC4-B01A-719DD865968B}
	EndGlobalSection
EndGlobal
